
Microsoft Visual Studio Solution File, Format Version 12.00
# Visual Studio Version 17
VisualStudioVersion = 17.1.32228.430
MinimumVisualStudioVersion = 10.0.40219.1
Project("{FAE04EC0-301F-11D3-BF4B-00C04F79EFBC}") = "PractiseProject", "PractiseProject\PractiseProject.csproj", "{4258F858-E4F7-4AF1-B595-ECA38BB0BF29}"
EndProject
Project("{2150E333-8FDC-42A3-9474-1A3956D46DE8}") = "Solution Items", "Solution Items", "{E116EA47-8745-42C9-BA3C-CAD3DAA984CC}"
	ProjectSection(SolutionItems) = preProject
		.editorconfig = .editorconfig
	EndProjectSection
EndProject
Global
	GlobalSection(SolutionConfigurationPlatforms) = preSolution
		Debug|Any CPU = Debug|Any CPU
		Release|Any CPU = Release|Any CPU
	EndGlobalSection
	GlobalSection(ProjectConfigurationPlatforms) = postSolution
		{4258F858-E4F7-4AF1-B595-ECA38BB0BF29}.Debug|Any CPU.ActiveCfg = Debug|Any CPU
		{4258F858-E4F7-4AF1-B595-ECA38BB0BF29}.Debug|Any CPU.Build.0 = Debug|Any CPU
		{4258F858-E4F7-4AF1-B595-ECA38BB0BF29}.Release|Any CPU.ActiveCfg = Release|Any CPU
		{4258F858-E4F7-4AF1-B595-ECA38BB0BF29}.Release|Any CPU.Build.0 = Release|Any CPU
	EndGlobalSection
	GlobalSection(SolutionProperties) = preSolution
		HideSolutionNode = FALSE
	EndGlobalSection
	GlobalSection(ExtensibilityGlobals) = postSolution
		SolutionGuid = {C034EE8D-4BB4-45BE-9885-1ECF8156AEBC}
	EndGlobalSection
EndGlobal
